
Microsoft Visual Studio Solution File, Format Version 12.00
# Visual Studio Version 16
VisualStudioVersion = 16.0.29905.134
MinimumVisualStudioVersion = 10.0.40219.1
Project("{9A19103F-16F7-4668-BE54-9A1E7A4F7556}") = "AwaitablePattern", "AwaitablePattern\AwaitablePattern.csproj", "{D7E81879-F2D6-431F-BA6F-628EDE23A72B}"
EndProject
Project("{9A19103F-16F7-4668-BE54-9A1E7A4F7556}") = "WebApplication", "WebApplication\WebApplication.csproj", "{D7358450-B51B-46BE-A3A2-752986F5FD08}"
EndProject
Project("{9A19103F-16F7-4668-BE54-9A1E7A4F7556}") = "ArgumentValidationExceptionHandling", "ConsoleApp1\ArgumentValidationExceptionHandling.csproj", "{9B52A36B-249A-43C4-B20F-93B9F4C2C355}"
EndProject
Project("{FAE04EC0-301F-11D3-BF4B-00C04F79EFBC}") = "Deadlock", "Deadlock\Deadlock.csproj", "{4C54FDF8-BCB7-404A-AD13-2265183237C6}"
EndProject
Global
	GlobalSection(SolutionConfigurationPlatforms) = preSolution
		Debug|Any CPU = Debug|Any CPU
		Release|Any CPU = Release|Any CPU
	EndGlobalSection
	GlobalSection(ProjectConfigurationPlatforms) = postSolution
		{D7E81879-F2D6-431F-BA6F-628EDE23A72B}.Debug|Any CPU.ActiveCfg = Debug|Any CPU
		{D7E81879-F2D6-431F-BA6F-628EDE23A72B}.Debug|Any CPU.Build.0 = Debug|Any CPU
		{D7E81879-F2D6-431F-BA6F-628EDE23A72B}.Release|Any CPU.ActiveCfg = Release|Any CPU
		{D7E81879-F2D6-431F-BA6F-628EDE23A72B}.Release|Any CPU.Build.0 = Release|Any CPU
		{D7358450-B51B-46BE-A3A2-752986F5FD08}.Debug|Any CPU.ActiveCfg = Debug|Any CPU
		{D7358450-B51B-46BE-A3A2-752986F5FD08}.Debug|Any CPU.Build.0 = Debug|Any CPU
		{D7358450-B51B-46BE-A3A2-752986F5FD08}.Release|Any CPU.ActiveCfg = Release|Any CPU
		{D7358450-B51B-46BE-A3A2-752986F5FD08}.Release|Any CPU.Build.0 = Release|Any CPU
		{9B52A36B-249A-43C4-B20F-93B9F4C2C355}.Debug|Any CPU.ActiveCfg = Debug|Any CPU
		{9B52A36B-249A-43C4-B20F-93B9F4C2C355}.Debug|Any CPU.Build.0 = Debug|Any CPU
		{9B52A36B-249A-43C4-B20F-93B9F4C2C355}.Release|Any CPU.ActiveCfg = Release|Any CPU
		{9B52A36B-249A-43C4-B20F-93B9F4C2C355}.Release|Any CPU.Build.0 = Release|Any CPU
		{4C54FDF8-BCB7-404A-AD13-2265183237C6}.Debug|Any CPU.ActiveCfg = Debug|Any CPU
		{4C54FDF8-BCB7-404A-AD13-2265183237C6}.Debug|Any CPU.Build.0 = Debug|Any CPU
		{4C54FDF8-BCB7-404A-AD13-2265183237C6}.Release|Any CPU.ActiveCfg = Release|Any CPU
		{4C54FDF8-BCB7-404A-AD13-2265183237C6}.Release|Any CPU.Build.0 = Release|Any CPU
	EndGlobalSection
	GlobalSection(SolutionProperties) = preSolution
		HideSolutionNode = FALSE
	EndGlobalSection
	GlobalSection(ExtensibilityGlobals) = postSolution
		SolutionGuid = {79378369-9CE0-4136-9A3A-A1B11FD7CBC6}
	EndGlobalSection
EndGlobal
